# THIS IS AN AUTOGENERATED FILE. DO NOT EDIT THIS FILE DIRECTLY.
# yarn lockfile v1


"@next/env@12.3.1":
  "integrity" "sha512-9P9THmRFVKGKt9DYqeC2aKIxm8rlvkK38V1P1sRE7qyoPBIs8l9oo79QoSdPtOWfzkbDAVUqvbQGgTMsb8BtJg=="
  "resolved" "https://registry.npmjs.org/@next/env/-/env-12.3.1.tgz"
  "version" "12.3.1"

"@next/swc-darwin-arm64@12.3.1":
  "integrity" "sha512-hT/EBGNcu0ITiuWDYU9ur57Oa4LybD5DOQp4f22T6zLfpoBMfBibPtR8XktXmOyFHrL/6FC2p9ojdLZhWhvBHg=="
  "resolved" "https://registry.npmjs.org/@next/swc-darwin-arm64/-/swc-darwin-arm64-12.3.1.tgz"
  "version" "12.3.1"

"@prisma/client@^4.5.0":
  "integrity" "sha512-B2cV0OPI1smhdYUxsJoLYQLoMlLH06MUxgFUWQnHodGMX98VRVXKmQE/9OcrTNkqtke5RC+YU24Szxd04tZA2g=="
  "resolved" "https://registry.npmjs.org/@prisma/client/-/client-4.5.0.tgz"
  "version" "4.5.0"
  dependencies:
    "@prisma/engines-version" "4.5.0-43.0362da9eebca54d94c8ef5edd3b2e90af99ba452"

"@prisma/engines-version@4.5.0-43.0362da9eebca54d94c8ef5edd3b2e90af99ba452":
  "integrity" "sha512-o7LyVx8PPJBLrEzLl6lpxxk2D5VnlM4Fwmrbq0NoT6pr5aa1OuHD9ZG+WJY6TlR/iD9bhmo2LNcxddCMr5Rv2A=="
  "resolved" "https://registry.npmjs.org/@prisma/engines-version/-/engines-version-4.5.0-43.0362da9eebca54d94c8ef5edd3b2e90af99ba452.tgz"
  "version" "4.5.0-43.0362da9eebca54d94c8ef5edd3b2e90af99ba452"

"@prisma/engines@4.5.0":
  "integrity" "sha512-4t9ir2SbQQr/wMCNU4YpHWp5hU14J2m3wHUZnGJPpmBF8YtkisxyVyQsKd1e6FyLTaGq8LOLhm6VLYHKqKNm+g=="
  "resolved" "https://registry.npmjs.org/@prisma/engines/-/engines-4.5.0.tgz"
  "version" "4.5.0"

"@remix-run/router@1.0.2":
  "integrity" "sha512-GRSOFhJzjGN+d4sKHTMSvNeUPoZiDHWmRnXfzaxrqe7dE/Nzlc8BiMSJdLDESZlndM7jIUrZ/F4yWqVYlI0rwQ=="
  "resolved" "https://registry.npmjs.org/@remix-run/router/-/router-1.0.2.tgz"
  "version" "1.0.2"

"@swc/helpers@0.4.11":
  "integrity" "sha512-rEUrBSGIoSFuYxwBYtlUFMlE2CwGhmW+w9355/5oduSw8e5h2+Tj4UrAGNNgP9915++wj5vkQo0UuOBqOAq4nw=="
  "resolved" "https://registry.npmjs.org/@swc/helpers/-/helpers-0.4.11.tgz"
  "version" "0.4.11"
  dependencies:
    "tslib" "^2.4.0"

"async@^3.2.2":
  "integrity" "sha512-iAB+JbDEGXhyIUavoDl9WP/Jj106Kz9DEn1DPgYw5ruDn0e3Wgi3sKFm55sASdGBNOQB8F59d9qQ7deqrHA8wQ=="
  "resolved" "https://registry.npmjs.org/async/-/async-3.2.4.tgz"
  "version" "3.2.4"

"caniuse-lite@^1.0.30001406":
  "integrity" "sha512-OnyeJ9ascFA9roEj72ok2Ikp7PHJTKubtEJIQ/VK3fdsS50q4KWy+Z5X0A1/GswEItKX0ctAp8n4SYDE7wTu6A=="
  "resolved" "https://registry.npmjs.org/caniuse-lite/-/caniuse-lite-1.0.30001420.tgz"
  "version" "1.0.30001420"

"duplexer@^0.1.1", "duplexer@~0.1.1":
  "integrity" "sha512-jtD6YG370ZCIi/9GTaJKQxWTZD045+4R4hTk/x1UyoqadyJ9x9CgSi1RlVDQF8U2sxLLSnFkCaMihqljHIWgMg=="
  "resolved" "https://registry.npmjs.org/duplexer/-/duplexer-0.1.2.tgz"
  "version" "0.1.2"

"event-stream@^4.0.1":
  "integrity" "sha512-qACXdu/9VHPBzcyhdOWR5/IahhGMf0roTeZJfzz077GwylcDd90yOHLouhmv7GJ5XzPi6ekaQWd8AvPP2nOvpA=="
  "resolved" "https://registry.npmjs.org/event-stream/-/event-stream-4.0.1.tgz"
  "version" "4.0.1"
  dependencies:
    "duplexer" "^0.1.1"
    "from" "^0.1.7"
    "map-stream" "0.0.7"
    "pause-stream" "^0.0.11"
    "split" "^1.0.1"
    "stream-combiner" "^0.2.2"
    "through" "^2.3.8"

"from@^0.1.7":
  "integrity" "sha512-twe20eF1OxVxp/ML/kq2p1uc6KvFK/+vs8WjEbeKmV2He22MKm7YF2ANIt+EOqhJ5L3K/SuuPhk0hWQDjOM23g=="
  "resolved" "https://registry.npmjs.org/from/-/from-0.1.7.tgz"
  "version" "0.1.7"

"js-tokens@^3.0.0 || ^4.0.0":
  "integrity" "sha512-RdJUflcE3cUzKiMqQgsCu06FPu9UdIJO0beYbPhHN4k6apgJtifcoCtT9bcxOpYBtpD2kCM6Sbzg4CausW/PKQ=="
  "resolved" "https://registry.npmjs.org/js-tokens/-/js-tokens-4.0.0.tgz"
  "version" "4.0.0"

"lodash.assign@^4.2.0":
  "integrity" "sha512-hFuH8TY+Yji7Eja3mGiuAxBqLagejScbG8GbG0j6o9vzn0YL14My+ktnqtZgFTosKymC9/44wP6s7xyuLfnClw=="
  "resolved" "https://registry.npmjs.org/lodash.assign/-/lodash.assign-4.2.0.tgz"
  "version" "4.2.0"

"loose-envify@^1.1.0":
  "integrity" "sha512-lyuxPGr/Wfhrlem2CL/UcnUc1zcqKAImBDzukY7Y5F/yQiNdko6+fRLevlw1HgMySw7f611UIY408EtxRSoK3Q=="
  "resolved" "https://registry.npmjs.org/loose-envify/-/loose-envify-1.4.0.tgz"
  "version" "1.4.0"
  dependencies:
    "js-tokens" "^3.0.0 || ^4.0.0"

"map-stream@0.0.7":
  "integrity" "sha512-C0X0KQmGm3N2ftbTGBhSyuydQ+vV1LC3f3zPvT3RXHXNZrvfPZcoXp/N5DOa8vedX/rTMm2CjTtivFg2STJMRQ=="
  "resolved" "https://registry.npmjs.org/map-stream/-/map-stream-0.0.7.tgz"
  "version" "0.0.7"

"mingo@^6.1.0":
  "integrity" "sha512-Ag9Cq+Mz2VOuNQDry36LEHqTJ9A8ePts78a4lDOt+TdiBXkOgihY06TwzIgpkMN58CWPPpOcSfE6vixroTwjDA=="
  "resolved" "https://registry.npmjs.org/mingo/-/mingo-6.1.2.tgz"
  "version" "6.1.2"

"nanoid@^3.3.4":
  "integrity" "sha512-MqBkQh/OHTS2egovRtLk45wEyNXwF+cokD+1YPf9u5VfJiRdAiRwB2froX5Co9Rh20xs4siNPm8naNotSD6RBw=="
  "resolved" "https://registry.npmjs.org/nanoid/-/nanoid-3.3.4.tgz"
  "version" "3.3.4"

"next@^12.3.1":
  "integrity" "sha512-l7bvmSeIwX5lp07WtIiP9u2ytZMv7jIeB8iacR28PuUEFG5j0HGAPnMqyG5kbZNBG2H7tRsrQ4HCjuMOPnANZw=="
  "resolved" "https://registry.npmjs.org/next/-/next-12.3.1.tgz"
  "version" "12.3.1"
  dependencies:
    "@next/env" "12.3.1"
    "@swc/helpers" "0.4.11"
    "caniuse-lite" "^1.0.30001406"
    "postcss" "8.4.14"
    "styled-jsx" "5.0.7"
    "use-sync-external-store" "1.2.0"
  optionalDependencies:
    "@next/swc-android-arm-eabi" "12.3.1"
    "@next/swc-android-arm64" "12.3.1"
    "@next/swc-darwin-arm64" "12.3.1"
    "@next/swc-darwin-x64" "12.3.1"
    "@next/swc-freebsd-x64" "12.3.1"
    "@next/swc-linux-arm-gnueabihf" "12.3.1"
    "@next/swc-linux-arm64-gnu" "12.3.1"
    "@next/swc-linux-arm64-musl" "12.3.1"
    "@next/swc-linux-x64-gnu" "12.3.1"
    "@next/swc-linux-x64-musl" "12.3.1"
    "@next/swc-win32-arm64-msvc" "12.3.1"
    "@next/swc-win32-ia32-msvc" "12.3.1"
    "@next/swc-win32-x64-msvc" "12.3.1"

"pause-stream@^0.0.11":
  "integrity" "sha512-e3FBlXLmN/D1S+zHzanP4E/4Z60oFAa3O051qt1pxa7DEJWKAyil6upYVXCWadEnuoqa4Pkc9oUx9zsxYeRv8A=="
  "resolved" "https://registry.npmjs.org/pause-stream/-/pause-stream-0.0.11.tgz"
  "version" "0.0.11"
  dependencies:
    "through" "~2.3"

"picocolors@^1.0.0":
  "integrity" "sha512-1fygroTLlHu66zi26VoTDv8yRgm0Fccecssto+MhsZ0D/DGW2sm8E8AjW7NU5VVTRt5GxbeZ5qBuJr+HyLYkjQ=="
  "resolved" "https://registry.npmjs.org/picocolors/-/picocolors-1.0.0.tgz"
  "version" "1.0.0"

"postcss@8.4.14":
  "integrity" "sha512-E398TUmfAYFPBSdzgeieK2Y1+1cpdxJx8yXbK/m57nRhKSmk1GB2tO4lbLBtlkfPQTDKfe4Xqv1ASWPpayPEig=="
  "resolved" "https://registry.npmjs.org/postcss/-/postcss-8.4.14.tgz"
  "version" "8.4.14"
  dependencies:
    "nanoid" "^3.3.4"
    "picocolors" "^1.0.0"
    "source-map-js" "^1.0.2"

"prisma@*", "prisma@^4.5.0":
  "integrity" "sha512-9Aeg4qiKlv9Wsjz4NO8k2CzRzlvS3A4FYVJ5+28sBBZ0eEwbiVOE/Jj7v6rZC1tFW2s4GSICQOAyuOjc6WsNew=="
  "resolved" "https://registry.npmjs.org/prisma/-/prisma-4.5.0.tgz"
  "version" "4.5.0"
  dependencies:
    "@prisma/engines" "4.5.0"

"react-dom@^17.0.2 || ^18.0.0-0", "react-dom@^18.2.0", "react-dom@>=16.8":
  "integrity" "sha512-6IMTriUmvsjHUjNtEDudZfuDQUoWXVxKHhlEGSk81n4YFS+r/Kl99wXiwlVXtPBtJenozv2P+hxDsw9eA7Xo6g=="
  "resolved" "https://registry.npmjs.org/react-dom/-/react-dom-18.2.0.tgz"
  "version" "18.2.0"
  dependencies:
    "loose-envify" "^1.1.0"
    "scheduler" "^0.23.0"

"react-router-dom@^6.4.2":
  "integrity" "sha512-yM1kjoTkpfjgczPrcyWrp+OuQMyB1WleICiiGfstnQYo/S8hPEEnVjr/RdmlH6yKK4Tnj1UGXFSa7uwAtmDoLQ=="
  "resolved" "https://registry.npmjs.org/react-router-dom/-/react-router-dom-6.4.2.tgz"
  "version" "6.4.2"
  dependencies:
    "@remix-run/router" "1.0.2"
    "react-router" "6.4.2"

"react-router@6.4.2":
  "integrity" "sha512-Rb0BAX9KHhVzT1OKhMvCDMw776aTYM0DtkxqUBP8dNBom3mPXlfNs76JNGK8wKJ1IZEY1+WGj+cvZxHVk/GiKw=="
  "resolved" "https://registry.npmjs.org/react-router/-/react-router-6.4.2.tgz"
  "version" "6.4.2"
  dependencies:
    "@remix-run/router" "1.0.2"

"react@^16.8.0 || ^17.0.0 || ^18.0.0", "react@^17.0.2 || ^18.0.0-0", "react@^18.2.0", "react@>= 16.8.0 || 17.x.x || ^18.0.0-0", "react@>=16.8":
  "integrity" "sha512-/3IjMdb2L9QbBdWiW5e3P2/npwMBaU9mHCSCUzNln0ZCYbcfTsGbTJrU/kGemdH2IWmB2ioZ+zkxtmq6g09fGQ=="
  "resolved" "https://registry.npmjs.org/react/-/react-18.2.0.tgz"
  "version" "18.2.0"
  dependencies:
    "loose-envify" "^1.1.0"

"save@^2.9.0":
  "integrity" "sha512-eg8+g8CjvehE/2C6EbLdtK1pINVD27pcJLj4M9PjWWhoeha/y5bWf4dp/0RF+OzbKTcG1bae9qi3PAqiR8CJTg=="
  "resolved" "https://registry.npmjs.org/save/-/save-2.9.0.tgz"
  "version" "2.9.0"
  dependencies:
    "async" "^3.2.2"
    "event-stream" "^4.0.1"
    "lodash.assign" "^4.2.0"
    "mingo" "^6.1.0"

"scheduler@^0.23.0":
  "integrity" "sha512-CtuThmgHNg7zIZWAXi3AsyIzA3n4xx7aNyjwC2VJldO2LMVDhFK+63xGqq6CsJH4rTAt6/M+N4GhZiDYPx9eUw=="
  "resolved" "https://registry.npmjs.org/scheduler/-/scheduler-0.23.0.tgz"
  "version" "0.23.0"
  dependencies:
    "loose-envify" "^1.1.0"

"source-map-js@^1.0.2":
  "integrity" "sha512-R0XvVJ9WusLiqTCEiGCmICCMplcCkIwwR11mOSD9CR5u+IXYdiseeEuXCVAjS54zqwkLcPNnmU4OeJ6tUrWhDw=="
  "resolved" "https://registry.npmjs.org/source-map-js/-/source-map-js-1.0.2.tgz"
  "version" "1.0.2"

"split@^1.0.1":
  "integrity" "sha512-mTyOoPbrivtXnwnIxZRFYRrPNtEFKlpB2fvjSnCQUiAA6qAZzqwna5envK4uk6OIeP17CsdF3rSBGYVBsU0Tkg=="
  "resolved" "https://registry.npmjs.org/split/-/split-1.0.1.tgz"
  "version" "1.0.1"
  dependencies:
    "through" "2"

"stream-combiner@^0.2.2":
  "integrity" "sha512-6yHMqgLYDzQDcAkL+tjJDC5nSNuNIx0vZtRZeiPh7Saef7VHX9H5Ijn9l2VIol2zaNYlYEX6KyuT/237A58qEQ=="
  "resolved" "https://registry.npmjs.org/stream-combiner/-/stream-combiner-0.2.2.tgz"
  "version" "0.2.2"
  dependencies:
    "duplexer" "~0.1.1"
    "through" "~2.3.4"

"styled-jsx@5.0.7":
  "integrity" "sha512-b3sUzamS086YLRuvnaDigdAewz1/EFYlHpYBP5mZovKEdQQOIIYq8lApylub3HHZ6xFjV051kkGU7cudJmrXEA=="
  "resolved" "https://registry.npmjs.org/styled-jsx/-/styled-jsx-5.0.7.tgz"
  "version" "5.0.7"

"through@^2.3.8", "through@~2.3", "through@~2.3.4", "through@2":
  "integrity" "sha512-w89qg7PI8wAdvX60bMDP+bFoD5Dvhm9oLheFp5O4a2QF0cSBGsBX4qZmadPMvVqlLJBBci+WqGGOAPvcDeNSVg=="
  "resolved" "https://registry.npmjs.org/through/-/through-2.3.8.tgz"
  "version" "2.3.8"

"tslib@^2.4.0":
  "integrity" "sha512-d6xOpEDfsi2CZVlPQzGeux8XMwLT9hssAsaPYExaQMuYskwb+x1x7J371tWlbBdWHroy99KnVB6qIkUbs5X3UQ=="
  "resolved" "https://registry.npmjs.org/tslib/-/tslib-2.4.0.tgz"
  "version" "2.4.0"

"use-sync-external-store@1.2.0":
  "integrity" "sha512-eEgnFxGQ1Ife9bzYs6VLi8/4X6CObHMw9Qr9tPY43iKwsPw8xE8+EFsf/2cFZ5S3esXgpWgtSCtLNS41F+sKPA=="
  "resolved" "https://registry.npmjs.org/use-sync-external-store/-/use-sync-external-store-1.2.0.tgz"
  "version" "1.2.0"
